// !$*UTF8*$!
{
	archiveVersion = 1;
	classes = {
	};
	objectVersion = 51;
	objects = {

/* Begin PBXBuildFile section */
		3D1920CD2449B5D00087F048 /* Image.swift in Sources */ = {isa = PBXBuildFile; fileRef = 3D1920CC2449B5D00087F048 /* Image.swift */; };
		3D1920CF2449BCF10087F048 /* FloatExtension.swift in Sources */ = {isa = PBXBuildFile; fileRef = 3D1920CE2449BCF10087F048 /* FloatExtension.swift */; };
		3D2E8179244888F90022C287 /* TodayViewController.swift in Sources */ = {isa = PBXBuildFile; fileRef = 3D2E8178244888F90022C287 /* TodayViewController.swift */; };
		3D2E817B244889060022C287 /* ForecastViewController.swift in Sources */ = {isa = PBXBuildFile; fileRef = 3D2E817A244889060022C287 /* ForecastViewController.swift */; };
		3D2E817E24488AA60022C287 /* TitleView.xib in Resources */ = {isa = PBXBuildFile; fileRef = 3D2E817D24488AA60022C287 /* TitleView.xib */; };
		3D2E818024488AC00022C287 /* TitleView.swift in Sources */ = {isa = PBXBuildFile; fileRef = 3D2E817F24488AC00022C287 /* TitleView.swift */; };
		3D2E818324488BBD0022C287 /* GradientView.swift in Sources */ = {isa = PBXBuildFile; fileRef = 3D2E818224488BBD0022C287 /* GradientView.swift */; };
		3D2E8186244890FB0022C287 /* UIViewExtension.swift in Sources */ = {isa = PBXBuildFile; fileRef = 3D2E8185244890FB0022C287 /* UIViewExtension.swift */; };
		3D2E818B24489B620022C287 /* Network.swift in Sources */ = {isa = PBXBuildFile; fileRef = 3D2E818A24489B620022C287 /* Network.swift */; };
		3D2E818F24489FFF0022C287 /* WeatherApi.swift in Sources */ = {isa = PBXBuildFile; fileRef = 3D2E818E24489FFF0022C287 /* WeatherApi.swift */; };
		3D2E81912448A00C0022C287 /* WeatherApiDelegate.swift in Sources */ = {isa = PBXBuildFile; fileRef = 3D2E81902448A00C0022C287 /* WeatherApiDelegate.swift */; };
		3D2E81932448A1C40022C287 /* TodayResponse.swift in Sources */ = {isa = PBXBuildFile; fileRef = 3D2E81922448A1C40022C287 /* TodayResponse.swift */; };
		3D2E81952448A4870022C287 /* ForecastResponse.swift in Sources */ = {isa = PBXBuildFile; fileRef = 3D2E81942448A4870022C287 /* ForecastResponse.swift */; };
		3D2E81972448A9220022C287 /* Util.swift in Sources */ = {isa = PBXBuildFile; fileRef = 3D2E81962448A9220022C287 /* Util.swift */; };
		3D4A12802448747E00B4F1B7 /* AppDelegate.swift in Sources */ = {isa = PBXBuildFile; fileRef = 3D4A127F2448747E00B4F1B7 /* AppDelegate.swift */; };
		3D4A12822448747E00B4F1B7 /* SceneDelegate.swift in Sources */ = {isa = PBXBuildFile; fileRef = 3D4A12812448747E00B4F1B7 /* SceneDelegate.swift */; };
		3D4A12872448747F00B4F1B7 /* Home.storyboard in Resources */ = {isa = PBXBuildFile; fileRef = 3D4A12852448747F00B4F1B7 /* Home.storyboard */; };
		3D4A12892448748000B4F1B7 /* Assets.xcassets in Resources */ = {isa = PBXBuildFile; fileRef = 3D4A12882448748000B4F1B7 /* Assets.xcassets */; };
		3D4A128C2448748000B4F1B7 /* LaunchScreen.storyboard in Resources */ = {isa = PBXBuildFile; fileRef = 3D4A128A2448748000B4F1B7 /* LaunchScreen.storyboard */; };
		3D90BB4E2449E288000A3091 /* DoubleExtension.swift in Sources */ = {isa = PBXBuildFile; fileRef = 3D90BB4D2449E288000A3091 /* DoubleExtension.swift */; };
		6D642A40FAED37777963D745 /* Pods_WeatherApp.framework in Frameworks */ = {isa = PBXBuildFile; fileRef = C71209418853AB456C2D5DF7 /* Pods_WeatherApp.framework */; };
/* End PBXBuildFile section */

/* Begin PBXFileReference section */
		0CA25ECEE8B39F24D5FEFC78 /* Pods-WeatherApp.release.xcconfig */ = {isa = PBXFileReference; includeInIndex = 1; lastKnownFileType = text.xcconfig; name = "Pods-WeatherApp.release.xcconfig"; path = "Target Support Files/Pods-WeatherApp/Pods-WeatherApp.release.xcconfig"; sourceTree = "<group>"; };
		3D1920CC2449B5D00087F048 /* Image.swift */ = {isa = PBXFileReference; lastKnownFileType = sourcecode.swift; path = Image.swift; sourceTree = "<group>"; };
		3D1920CE2449BCF10087F048 /* FloatExtension.swift */ = {isa = PBXFileReference; lastKnownFileType = sourcecode.swift; path = FloatExtension.swift; sourceTree = "<group>"; };
		3D2E8178244888F90022C287 /* TodayViewController.swift */ = {isa = PBXFileReference; lastKnownFileType = sourcecode.swift; path = TodayViewController.swift; sourceTree = "<group>"; };
		3D2E817A244889060022C287 /* ForecastViewController.swift */ = {isa = PBXFileReference; lastKnownFileType = sourcecode.swift; path = ForecastViewController.swift; sourceTree = "<group>"; };
		3D2E817D24488AA60022C287 /* TitleView.xib */ = {isa = PBXFileReference; lastKnownFileType = file.xib; path = TitleView.xib; sourceTree = "<group>"; };
		3D2E817F24488AC00022C287 /* TitleView.swift */ = {isa = PBXFileReference; lastKnownFileType = sourcecode.swift; path = TitleView.swift; sourceTree = "<group>"; };
		3D2E818224488BBD0022C287 /* GradientView.swift */ = {isa = PBXFileReference; lastKnownFileType = sourcecode.swift; path = GradientView.swift; sourceTree = "<group>"; };
		3D2E8185244890FB0022C287 /* UIViewExtension.swift */ = {isa = PBXFileReference; lastKnownFileType = sourcecode.swift; path = UIViewExtension.swift; sourceTree = "<group>"; };
		3D2E818A24489B620022C287 /* Network.swift */ = {isa = PBXFileReference; lastKnownFileType = sourcecode.swift; path = Network.swift; sourceTree = "<group>"; };
		3D2E818E24489FFF0022C287 /* WeatherApi.swift */ = {isa = PBXFileReference; lastKnownFileType = sourcecode.swift; path = WeatherApi.swift; sourceTree = "<group>"; };
		3D2E81902448A00C0022C287 /* WeatherApiDelegate.swift */ = {isa = PBXFileReference; lastKnownFileType = sourcecode.swift; path = WeatherApiDelegate.swift; sourceTree = "<group>"; };
		3D2E81922448A1C40022C287 /* TodayResponse.swift */ = {isa = PBXFileReference; lastKnownFileType = sourcecode.swift; path = TodayResponse.swift; sourceTree = "<group>"; };
		3D2E81942448A4870022C287 /* ForecastResponse.swift */ = {isa = PBXFileReference; lastKnownFileType = sourcecode.swift; path = ForecastResponse.swift; sourceTree = "<group>"; };
		3D2E81962448A9220022C287 /* Util.swift */ = {isa = PBXFileReference; lastKnownFileType = sourcecode.swift; path = Util.swift; sourceTree = "<group>"; };
		3D4A127C2448747E00B4F1B7 /* WeatherApp.app */ = {isa = PBXFileReference; explicitFileType = wrapper.application; includeInIndex = 0; path = WeatherApp.app; sourceTree = BUILT_PRODUCTS_DIR; };
		3D4A127F2448747E00B4F1B7 /* AppDelegate.swift */ = {isa = PBXFileReference; lastKnownFileType = sourcecode.swift; path = AppDelegate.swift; sourceTree = "<group>"; };
		3D4A12812448747E00B4F1B7 /* SceneDelegate.swift */ = {isa = PBXFileReference; lastKnownFileType = sourcecode.swift; path = SceneDelegate.swift; sourceTree = "<group>"; };
		3D4A12862448747F00B4F1B7 /* Base */ = {isa = PBXFileReference; lastKnownFileType = file.storyboard; name = Base; path = Base.lproj/Home.storyboard; sourceTree = "<group>"; };
		3D4A12882448748000B4F1B7 /* Assets.xcassets */ = {isa = PBXFileReference; lastKnownFileType = folder.assetcatalog; path = Assets.xcassets; sourceTree = "<group>"; };
		3D4A128B2448748000B4F1B7 /* Base */ = {isa = PBXFileReference; lastKnownFileType = file.storyboard; name = Base; path = Base.lproj/LaunchScreen.storyboard; sourceTree = "<group>"; };
		3D4A128D2448748000B4F1B7 /* Info.plist */ = {isa = PBXFileReference; lastKnownFileType = text.plist.xml; path = Info.plist; sourceTree = "<group>"; };
		3D90BB4D2449E288000A3091 /* DoubleExtension.swift */ = {isa = PBXFileReference; lastKnownFileType = sourcecode.swift; path = DoubleExtension.swift; sourceTree = "<group>"; };
		65D886433B4458EDDA60E190 /* Pods-WeatherApp.debug.xcconfig */ = {isa = PBXFileReference; includeInIndex = 1; lastKnownFileType = text.xcconfig; name = "Pods-WeatherApp.debug.xcconfig"; path = "Target Support Files/Pods-WeatherApp/Pods-WeatherApp.debug.xcconfig"; sourceTree = "<group>"; };
		C71209418853AB456C2D5DF7 /* Pods_WeatherApp.framework */ = {isa = PBXFileReference; explicitFileType = wrapper.framework; includeInIndex = 0; path = Pods_WeatherApp.framework; sourceTree = BUILT_PRODUCTS_DIR; };
/* End PBXFileReference section */

/* Begin PBXFrameworksBuildPhase section */
		3D4A12792448747E00B4F1B7 /* Frameworks */ = {
			isa = PBXFrameworksBuildPhase;
			buildActionMask = 2147483647;
			files = (
				6D642A40FAED37777963D745 /* Pods_WeatherApp.framework in Frameworks */,
			);
			runOnlyForDeploymentPostprocessing = 0;
		};
/* End PBXFrameworksBuildPhase section */

/* Begin PBXGroup section */
		3D2E8175244886300022C287 /* Modules */ = {
			isa = PBXGroup;
			children = (
				3D2E81762448864F0022C287 /* Home */,
			);
			path = Modules;
			sourceTree = "<group>";
		};
		3D2E81762448864F0022C287 /* Home */ = {
			isa = PBXGroup;
			children = (
				3D2E8177244886570022C287 /* View */,
				3D4A12852448747F00B4F1B7 /* Home.storyboard */,
				3D2E817D24488AA60022C287 /* TitleView.xib */,
			);
			path = Home;
			sourceTree = "<group>";
		};
		3D2E8177244886570022C287 /* View */ = {
			isa = PBXGroup;
			children = (
				3D2E8178244888F90022C287 /* TodayViewController.swift */,
				3D2E817A244889060022C287 /* ForecastViewController.swift */,
				3D2E817F24488AC00022C287 /* TitleView.swift */,
			);
			path = View;
			sourceTree = "<group>";
		};
		3D2E818124488BA40022C287 /* Classes */ = {
			isa = PBXGroup;
			children = (
				3D2E818C24489D090022C287 /* Mappers */,
				3D2E818224488BBD0022C287 /* GradientView.swift */,
			);
			path = Classes;
			sourceTree = "<group>";
		};
		3D2E8184244890E90022C287 /* Extensions */ = {
			isa = PBXGroup;
			children = (
				3D2E8185244890FB0022C287 /* UIViewExtension.swift */,
				3D1920CE2449BCF10087F048 /* FloatExtension.swift */,
				3D90BB4D2449E288000A3091 /* DoubleExtension.swift */,
			);
			path = Extensions;
			sourceTree = "<group>";
		};
		3D2E818924489B420022C287 /* Helpers */ = {
			isa = PBXGroup;
			children = (
				3D1920CC2449B5D00087F048 /* Image.swift */,
				3D2E818A24489B620022C287 /* Network.swift */,
				3D2E81962448A9220022C287 /* Util.swift */,
			);
			path = Helpers;
			sourceTree = "<group>";
		};
		3D2E818C24489D090022C287 /* Mappers */ = {
			isa = PBXGroup;
			children = (
				3D2E81942448A4870022C287 /* ForecastResponse.swift */,
				3D2E81922448A1C40022C287 /* TodayResponse.swift */,
			);
			path = Mappers;
			sourceTree = "<group>";
		};
		3D2E818D24489FF30022C287 /* Api */ = {
			isa = PBXGroup;
			children = (
				3D2E818E24489FFF0022C287 /* WeatherApi.swift */,
				3D2E81902448A00C0022C287 /* WeatherApiDelegate.swift */,
			);
			path = Api;
			sourceTree = "<group>";
		};
		3D4A12732448747E00B4F1B7 = {
			isa = PBXGroup;
			children = (
				3D4A127E2448747E00B4F1B7 /* WeatherApp */,
				3D4A127D2448747E00B4F1B7 /* Products */,
				BF783E3357D5031A038398BA /* Pods */,
				E598C2C6CBC5DE0B22927341 /* Frameworks */,
			);
			sourceTree = "<group>";
		};
		3D4A127D2448747E00B4F1B7 /* Products */ = {
			isa = PBXGroup;
			children = (
				3D4A127C2448747E00B4F1B7 /* WeatherApp.app */,
			);
			name = Products;
			sourceTree = "<group>";
		};
		3D4A127E2448747E00B4F1B7 /* WeatherApp */ = {
			isa = PBXGroup;
			children = (
				3D2E818D24489FF30022C287 /* Api */,
				3D2E8175244886300022C287 /* Modules */,
				3D2E8184244890E90022C287 /* Extensions */,
				3D2E818124488BA40022C287 /* Classes */,
				3D2E818924489B420022C287 /* Helpers */,
				3D4A127F2448747E00B4F1B7 /* AppDelegate.swift */,
				3D4A12812448747E00B4F1B7 /* SceneDelegate.swift */,
				3D4A128A2448748000B4F1B7 /* LaunchScreen.storyboard */,
				3D4A12882448748000B4F1B7 /* Assets.xcassets */,
				3D4A128D2448748000B4F1B7 /* Info.plist */,
			);
			path = WeatherApp;
			sourceTree = "<group>";
		};
		BF783E3357D5031A038398BA /* Pods */ = {
			isa = PBXGroup;
			children = (
				65D886433B4458EDDA60E190 /* Pods-WeatherApp.debug.xcconfig */,
				0CA25ECEE8B39F24D5FEFC78 /* Pods-WeatherApp.release.xcconfig */,
			);
			path = Pods;
			sourceTree = "<group>";
		};
		E598C2C6CBC5DE0B22927341 /* Frameworks */ = {
			isa = PBXGroup;
			children = (
				C71209418853AB456C2D5DF7 /* Pods_WeatherApp.framework */,
			);
			name = Frameworks;
			sourceTree = "<group>";
		};
/* End PBXGroup section */

/* Begin PBXNativeTarget section */
		3D4A127B2448747E00B4F1B7 /* WeatherApp */ = {
			isa = PBXNativeTarget;
			buildConfigurationList = 3D4A12902448748000B4F1B7 /* Build configuration list for PBXNativeTarget "WeatherApp" */;
			buildPhases = (
				BA62555A87B8BC46DCE2C9E0 /* [CP] Check Pods Manifest.lock */,
				3D4A12782448747E00B4F1B7 /* Sources */,
				3D4A12792448747E00B4F1B7 /* Frameworks */,
				3D4A127A2448747E00B4F1B7 /* Resources */,
				934B814869B5351F3BAB6B9D /* [CP] Embed Pods Frameworks */,
			);
			buildRules = (
			);
			dependencies = (
			);
			name = WeatherApp;
			productName = WeatherApp;
			productReference = 3D4A127C2448747E00B4F1B7 /* WeatherApp.app */;
			productType = "com.apple.product-type.application";
		};
/* End PBXNativeTarget section */

/* Begin PBXProject section */
		3D4A12742448747E00B4F1B7 /* Project object */ = {
			isa = PBXProject;
			attributes = {
				LastSwiftUpdateCheck = 1140;
				LastUpgradeCheck = 1140;
				ORGANIZATIONNAME = TBC;
				TargetAttributes = {
					3D4A127B2448747E00B4F1B7 = {
						CreatedOnToolsVersion = 11.4;
					};
				};
			};
			buildConfigurationList = 3D4A12772448747E00B4F1B7 /* Build configuration list for PBXProject "WeatherApp" */;
			compatibilityVersion = "Xcode 9.3";
			developmentRegion = en;
			hasScannedForEncodings = 0;
			knownRegions = (
				en,
				Base,
			);
			mainGroup = 3D4A12732448747E00B4F1B7;
			productRefGroup = 3D4A127D2448747E00B4F1B7 /* Products */;
			projectDirPath = "";
			projectRoot = "";
			targets = (
				3D4A127B2448747E00B4F1B7 /* WeatherApp */,
			);
		};
/* End PBXProject section */

/* Begin PBXResourcesBuildPhase section */
		3D4A127A2448747E00B4F1B7 /* Resources */ = {
			isa = PBXResourcesBuildPhase;
			buildActionMask = 2147483647;
			files = (
				3D4A128C2448748000B4F1B7 /* LaunchScreen.storyboard in Resources */,
				3D4A12892448748000B4F1B7 /* Assets.xcassets in Resources */,
				3D4A12872448747F00B4F1B7 /* Home.storyboard in Resources */,
				3D2E817E24488AA60022C287 /* TitleView.xib in Resources */,
			);
			runOnlyForDeploymentPostprocessing = 0;
		};
/* End PBXResourcesBuildPhase section */

/* Begin PBXShellScriptBuildPhase section */
		934B814869B5351F3BAB6B9D /* [CP] Embed Pods Frameworks */ = {
			isa = PBXShellScriptBuildPhase;
			buildActionMask = 2147483647;
			files = (
			);
			inputFileListPaths = (
				"${PODS_ROOT}/Target Support Files/Pods-WeatherApp/Pods-WeatherApp-frameworks-${CONFIGURATION}-input-files.xcfilelist",
			);
			name = "[CP] Embed Pods Frameworks";
			outputFileListPaths = (
				"${PODS_ROOT}/Target Support Files/Pods-WeatherApp/Pods-WeatherApp-frameworks-${CONFIGURATION}-output-files.xcfilelist",
			);
			runOnlyForDeploymentPostprocessing = 0;
			shellPath = /bin/sh;
			shellScript = "\"${PODS_ROOT}/Target Support Files/Pods-WeatherApp/Pods-WeatherApp-frameworks.sh\"\n";
			showEnvVarsInLog = 0;
		};
		BA62555A87B8BC46DCE2C9E0 /* [CP] Check Pods Manifest.lock */ = {
			isa = PBXShellScriptBuildPhase;
			buildActionMask = 2147483647;
			files = (
			);
			inputFileListPaths = (
			);
			inputPaths = (
				"${PODS_PODFILE_DIR_PATH}/Podfile.lock",
				"${PODS_ROOT}/Manifest.lock",
			);
			name = "[CP] Check Pods Manifest.lock";
			outputFileListPaths = (
			);
			outputPaths = (
				"$(DERIVED_FILE_DIR)/Pods-WeatherApp-checkManifestLockResult.txt",
			);
			runOnlyForDeploymentPostprocessing = 0;
			shellPath = /bin/sh;
			shellScript = "diff \"${PODS_PODFILE_DIR_PATH}/Podfile.lock\" \"${PODS_ROOT}/Manifest.lock\" > /dev/null\nif [ $? != 0 ] ; then\n    # print error to STDERR\n    echo \"error: The sandbox is not in sync with the Podfile.lock. Run 'pod install' or update your CocoaPods installation.\" >&2\n    exit 1\nfi\n# This output is used by Xcode 'outputs' to avoid re-running this script phase.\necho \"SUCCESS\" > \"${SCRIPT_OUTPUT_FILE_0}\"\n";
			showEnvVarsInLog = 0;
		};
/* End PBXShellScriptBuildPhase section */

/* Begin PBXSourcesBuildPhase section */
		3D4A12782448747E00B4F1B7 /* Sources */ = {
			isa = PBXSourcesBuildPhase;
			buildActionMask = 2147483647;
			files = (
				3D4A12802448747E00B4F1B7 /* AppDelegate.swift in Sources */,
				3D2E817B244889060022C287 /* ForecastViewController.swift in Sources */,
				3D2E818B24489B620022C287 /* Network.swift in Sources */,
				3D2E81932448A1C40022C287 /* TodayResponse.swift in Sources */,
				3D2E818324488BBD0022C287 /* GradientView.swift in Sources */,
				3D4A12822448747E00B4F1B7 /* SceneDelegate.swift in Sources */,
				3D2E8186244890FB0022C287 /* UIViewExtension.swift in Sources */,
				3D1920CD2449B5D00087F048 /* Image.swift in Sources */,
				3D90BB4E2449E288000A3091 /* DoubleExtension.swift in Sources */,
				3D1920CF2449BCF10087F048 /* FloatExtension.swift in Sources */,
				3D2E81972448A9220022C287 /* Util.swift in Sources */,
				3D2E81912448A00C0022C287 /* WeatherApiDelegate.swift in Sources */,
				3D2E8179244888F90022C287 /* TodayViewController.swift in Sources */,
				3D2E818024488AC00022C287 /* TitleView.swift in Sources */,
				3D2E818F24489FFF0022C287 /* WeatherApi.swift in Sources */,
				3D2E81952448A4870022C287 /* ForecastResponse.swift in Sources */,
			);
			runOnlyForDeploymentPostprocessing = 0;
		};
/* End PBXSourcesBuildPhase section */

/* Begin PBXVariantGroup section */
		3D4A12852448747F00B4F1B7 /* Home.storyboard */ = {
			isa = PBXVariantGroup;
			children = (
				3D4A12862448747F00B4F1B7 /* Base */,
			);
			name = Home.storyboard;
			sourceTree = "<group>";
		};
		3D4A128A2448748000B4F1B7 /* LaunchScreen.storyboard */ = {
			isa = PBXVariantGroup;
			children = (
				3D4A128B2448748000B4F1B7 /* Base */,
			);
			name = LaunchScreen.storyboard;
			sourceTree = "<group>";
		};
/* End PBXVariantGroup section */

/* Begin XCBuildConfiguration section */
		3D4A128E2448748000B4F1B7 /* Debug */ = {
			isa = XCBuildConfiguration;
			buildSettings = {
				ALWAYS_SEARCH_USER_PATHS = NO;
				CLANG_ANALYZER_NONNULL = YES;
				CLANG_ANALYZER_NUMBER_OBJECT_CONVERSION = YES_AGGRESSIVE;
				CLANG_CXX_LANGUAGE_STANDARD = "gnu++14";
				CLANG_CXX_LIBRARY = "libc++";
				CLANG_ENABLE_MODULES = YES;
				CLANG_ENABLE_OBJC_ARC = YES;
				CLANG_ENABLE_OBJC_WEAK = YES;
				CLANG_WARN_BLOCK_CAPTURE_AUTORELEASING = YES;
				CLANG_WARN_BOOL_CONVERSION = YES;
				CLANG_WARN_COMMA = YES;
				CLANG_WARN_CONSTANT_CONVERSION = YES;
				CLANG_WARN_DEPRECATED_OBJC_IMPLEMENTATIONS = YES;
				CLANG_WARN_DIRECT_OBJC_ISA_USAGE = YES_ERROR;
				CLANG_WARN_DOCUMENTATION_COMMENTS = YES;
				CLANG_WARN_EMPTY_BODY = YES;
				CLANG_WARN_ENUM_CONVERSION = YES;
				CLANG_WARN_INFINITE_RECURSION = YES;
				CLANG_WARN_INT_CONVERSION = YES;
				CLANG_WARN_NON_LITERAL_NULL_CONVERSION = YES;
				CLANG_WARN_OBJC_IMPLICIT_RETAIN_SELF = YES;
				CLANG_WARN_OBJC_LITERAL_CONVERSION = YES;
				CLANG_WARN_OBJC_ROOT_CLASS = YES_ERROR;
				CLANG_WARN_RANGE_LOOP_ANALYSIS = YES;
				CLANG_WARN_STRICT_PROTOTYPES = YES;
				CLANG_WARN_SUSPICIOUS_MOVE = YES;
				CLANG_WARN_UNGUARDED_AVAILABILITY = YES_AGGRESSIVE;
				CLANG_WARN_UNREACHABLE_CODE = YES;
				CLANG_WARN__DUPLICATE_METHOD_MATCH = YES;
				COPY_PHASE_STRIP = NO;
				DEBUG_INFORMATION_FORMAT = dwarf;
				ENABLE_STRICT_OBJC_MSGSEND = YES;
				ENABLE_TESTABILITY = YES;
				GCC_C_LANGUAGE_STANDARD = gnu11;
				GCC_DYNAMIC_NO_PIC = NO;
				GCC_NO_COMMON_BLOCKS = YES;
				GCC_OPTIMIZATION_LEVEL = 0;
				GCC_PREPROCESSOR_DEFINITIONS = (
					"DEBUG=1",
					"$(inherited)",
				);
				GCC_WARN_64_TO_32_BIT_CONVERSION = YES;
				GCC_WARN_ABOUT_RETURN_TYPE = YES_ERROR;
				GCC_WARN_UNDECLARED_SELECTOR = YES;
				GCC_WARN_UNINITIALIZED_AUTOS = YES_AGGRESSIVE;
				GCC_WARN_UNUSED_FUNCTION = YES;
				GCC_WARN_UNUSED_VARIABLE = YES;
				IPHONEOS_DEPLOYMENT_TARGET = 13.3;
				MTL_ENABLE_DEBUG_INFO = INCLUDE_SOURCE;
				MTL_FAST_MATH = YES;
				ONLY_ACTIVE_ARCH = YES;
				SDKROOT = iphoneos;
				SWIFT_ACTIVE_COMPILATION_CONDITIONS = DEBUG;
				SWIFT_OPTIMIZATION_LEVEL = "-Onone";
			};
			name = Debug;
		};
		3D4A128F2448748000B4F1B7 /* Release */ = {
			isa = XCBuildConfiguration;
			buildSettings = {
				ALWAYS_SEARCH_USER_PATHS = NO;
				CLANG_ANALYZER_NONNULL = YES;
				CLANG_ANALYZER_NUMBER_OBJECT_CONVERSION = YES_AGGRESSIVE;
				CLANG_CXX_LANGUAGE_STANDARD = "gnu++14";
				CLANG_CXX_LIBRARY = "libc++";
				CLANG_ENABLE_MODULES = YES;
				CLANG_ENABLE_OBJC_ARC = YES;
				CLANG_ENABLE_OBJC_WEAK = YES;
				CLANG_WARN_BLOCK_CAPTURE_AUTORELEASING = YES;
				CLANG_WARN_BOOL_CONVERSION = YES;
				CLANG_WARN_COMMA = YES;
				CLANG_WARN_CONSTANT_CONVERSION = YES;
				CLANG_WARN_DEPRECATED_OBJC_IMPLEMENTATIONS = YES;
				CLANG_WARN_DIRECT_OBJC_ISA_USAGE = YES_ERROR;
				CLANG_WARN_DOCUMENTATION_COMMENTS = YES;
				CLANG_WARN_EMPTY_BODY = YES;
				CLANG_WARN_ENUM_CONVERSION = YES;
				CLANG_WARN_INFINITE_RECURSION = YES;
				CLANG_WARN_INT_CONVERSION = YES;
				CLANG_WARN_NON_LITERAL_NULL_CONVERSION = YES;
				CLANG_WARN_OBJC_IMPLICIT_RETAIN_SELF = YES;
				CLANG_WARN_OBJC_LITERAL_CONVERSION = YES;
				CLANG_WARN_OBJC_ROOT_CLASS = YES_ERROR;
				CLANG_WARN_RANGE_LOOP_ANALYSIS = YES;
				CLANG_WARN_STRICT_PROTOTYPES = YES;
				CLANG_WARN_SUSPICIOUS_MOVE = YES;
				CLANG_WARN_UNGUARDED_AVAILABILITY = YES_AGGRESSIVE;
				CLANG_WARN_UNREACHABLE_CODE = YES;
				CLANG_WARN__DUPLICATE_METHOD_MATCH = YES;
				COPY_PHASE_STRIP = NO;
				DEBUG_INFORMATION_FORMAT = "dwarf-with-dsym";
				ENABLE_NS_ASSERTIONS = NO;
				ENABLE_STRICT_OBJC_MSGSEND = YES;
				GCC_C_LANGUAGE_STANDARD = gnu11;
				GCC_NO_COMMON_BLOCKS = YES;
				GCC_WARN_64_TO_32_BIT_CONVERSION = YES;
				GCC_WARN_ABOUT_RETURN_TYPE = YES_ERROR;
				GCC_WARN_UNDECLARED_SELECTOR = YES;
				GCC_WARN_UNINITIALIZED_AUTOS = YES_AGGRESSIVE;
				GCC_WARN_UNUSED_FUNCTION = YES;
				GCC_WARN_UNUSED_VARIABLE = YES;
				IPHONEOS_DEPLOYMENT_TARGET = 13.3;
				MTL_ENABLE_DEBUG_INFO = NO;
				MTL_FAST_MATH = YES;
				SDKROOT = iphoneos;
				SWIFT_COMPILATION_MODE = wholemodule;
				SWIFT_OPTIMIZATION_LEVEL = "-O";
				VALIDATE_PRODUCT = YES;
			};
			name = Release;
		};
		3D4A12912448748000B4F1B7 /* Debug */ = {
			isa = XCBuildConfiguration;
			baseConfigurationReference = 65D886433B4458EDDA60E190 /* Pods-WeatherApp.debug.xcconfig */;
			buildSettings = {
				ASSETCATALOG_COMPILER_APPICON_NAME = AppIcon;
				CODE_SIGN_STYLE = Automatic;
				DEVELOPMENT_TEAM = 73BR79375Q;
				INFOPLIST_FILE = WeatherApp/Info.plist;
				IPHONEOS_DEPLOYMENT_TARGET = 13.3;
				LD_RUNPATH_SEARCH_PATHS = (
					"$(inherited)",
					"@executable_path/Frameworks",
				);
				PRODUCT_BUNDLE_IDENTIFIER = ge.tbcbank.WeatherApp;
				PRODUCT_NAME = "$(TARGET_NAME)";
				SWIFT_VERSION = 5.0;
				TARGETED_DEVICE_FAMILY = "1,2";
			};
			name = Debug;
		};
		3D4A12922448748000B4F1B7 /* Release */ = {
			isa = XCBuildConfiguration;
			baseConfigurationReference = 0CA25ECEE8B39F24D5FEFC78 /* Pods-WeatherApp.release.xcconfig */;
			buildSettings = {
				ASSETCATALOG_COMPILER_APPICON_NAME = AppIcon;
				CODE_SIGN_STYLE = Automatic;
				DEVELOPMENT_TEAM = 73BR79375Q;
				INFOPLIST_FILE = WeatherApp/Info.plist;
				IPHONEOS_DEPLOYMENT_TARGET = 13.3;
				LD_RUNPATH_SEARCH_PATHS = (
					"$(inherited)",
					"@executable_path/Frameworks",
				);
				PRODUCT_BUNDLE_IDENTIFIER = ge.tbcbank.WeatherApp;
				PRODUCT_NAME = "$(TARGET_NAME)";
				SWIFT_VERSION = 5.0;
				TARGETED_DEVICE_FAMILY = "1,2";
			};
			name = Release;
		};
/* End XCBuildConfiguration section */

/* Begin XCConfigurationList section */
		3D4A12772448747E00B4F1B7 /* Build configuration list for PBXProject "WeatherApp" */ = {
			isa = XCConfigurationList;
			buildConfigurations = (
				3D4A128E2448748000B4F1B7 /* Debug */,
				3D4A128F2448748000B4F1B7 /* Release */,
			);
			defaultConfigurationIsVisible = 0;
			defaultConfigurationName = Release;
		};
		3D4A12902448748000B4F1B7 /* Build configuration list for PBXNativeTarget "WeatherApp" */ = {
			isa = XCConfigurationList;
			buildConfigurations = (
				3D4A12912448748000B4F1B7 /* Debug */,
				3D4A12922448748000B4F1B7 /* Release */,
			);
			defaultConfigurationIsVisible = 0;
			defaultConfigurationName = Release;
		};
/* End XCConfigurationList section */
	};
	rootObject = 3D4A12742448747E00B4F1B7 /* Project object */;
}
